
Microsoft Visual Studio Solution File, Format Version 12.00
# Visual Studio Version 16
VisualStudioVersion = 16.0.31424.327
MinimumVisualStudioVersion = 10.0.40219.1
Project("{FAE04EC0-301F-11D3-BF4B-00C04F79EFBC}") = "MultiplayerHouseServer", "MultiplayerHouseServer\MultiplayerHouseServer.csproj", "{1339EB09-D80C-47A3-AC41-CD60679102DD}"
EndProject
Global
	GlobalSection(SolutionConfigurationPlatforms) = preSolution
		Debug|Any CPU = Debug|Any CPU
		Release|Any CPU = Release|Any CPU
	EndGlobalSection
	GlobalSection(ProjectConfigurationPlatforms) = postSolution
		{1339EB09-D80C-47A3-AC41-CD60679102DD}.Debug|Any CPU.ActiveCfg = Debug|Any CPU
		{1339EB09-D80C-47A3-AC41-CD60679102DD}.Debug|Any CPU.Build.0 = Debug|Any CPU
		{1339EB09-D80C-47A3-AC41-CD60679102DD}.Release|Any CPU.ActiveCfg = Release|Any CPU
		{1339EB09-D80C-47A3-AC41-CD60679102DD}.Release|Any CPU.Build.0 = Release|Any CPU
	EndGlobalSection
	GlobalSection(SolutionProperties) = preSolution
		HideSolutionNode = FALSE
	EndGlobalSection
	GlobalSection(ExtensibilityGlobals) = postSolution
		SolutionGuid = {3832AD33-C673-46C4-A994-10A7B24125AC}
	EndGlobalSection
EndGlobal
